
Microsoft Visual Studio Solution File, Format Version 12.00
# Visual Studio Version 17
VisualStudioVersion = 17.9.34728.123
MinimumVisualStudioVersion = 10.0.40219.1
Project("{FAE04EC0-301F-11D3-BF4B-00C04F79EFBC}") = "Do While 05", "Do While 05\Do While 05.csproj", "{F33FDFBA-10C6-44D7-B5F7-429A01153DDD}"
EndProject
Global
	GlobalSection(SolutionConfigurationPlatforms) = preSolution
		Debug|Any CPU = Debug|Any CPU
		Release|Any CPU = Release|Any CPU
	EndGlobalSection
	GlobalSection(ProjectConfigurationPlatforms) = postSolution
		{F33FDFBA-10C6-44D7-B5F7-429A01153DDD}.Debug|Any CPU.ActiveCfg = Debug|Any CPU
		{F33FDFBA-10C6-44D7-B5F7-429A01153DDD}.Debug|Any CPU.Build.0 = Debug|Any CPU
		{F33FDFBA-10C6-44D7-B5F7-429A01153DDD}.Release|Any CPU.ActiveCfg = Release|Any CPU
		{F33FDFBA-10C6-44D7-B5F7-429A01153DDD}.Release|Any CPU.Build.0 = Release|Any CPU
	EndGlobalSection
	GlobalSection(SolutionProperties) = preSolution
		HideSolutionNode = FALSE
	EndGlobalSection
	GlobalSection(ExtensibilityGlobals) = postSolution
		SolutionGuid = {4F9C2CFA-F876-4455-85FC-2145DFD733D7}
	EndGlobalSection
EndGlobal
